{
  "name": "input-bindings-workspace",
  "lockfileVersion": 3,
  "requires": true,
  "packages": {
    "": {
      "name": "input-bindings-workspace",
      "workspaces": [
        "packages/*"
      ],
      "engines": {
        "node": ">=22.6"
      }
    },
    "node_modules/@moritzbrantner/input-bindings": {
      "resolved": "packages/input-bindings",
      "link": true
    },
    "node_modules/@moritzbrantner/input-bindings-web": {
      "resolved": "packages/input-bindings-web",
      "link": true
    },
    "packages/input-bindings": {
      "name": "@moritzbrantner/input-bindings",
      "version": "0.1.0"
    },
    "packages/input-bindings-web": {
      "name": "@moritzbrantner/input-bindings-web",
      "version": "0.1.0",
      "dependencies": {
        "@moritzbrantner/input-bindings": "0.1.0"
      }
    }
  }
}
